
Microsoft Visual Studio Solution File, Format Version 12.00
# Visual Studio Version 16
VisualStudioVersion = 16.0.33529.622
MinimumVisualStudioVersion = 10.0.40219.1
Project("{8BC9CEB8-8B4A-11D0-8D11-00A0C91BC942}") = "Server", "Server\Server.vcxproj", "{312300E4-6114-42A7-8CCB-E9B5595277AE}"
EndProject
Project("{8BC9CEB8-8B4A-11D0-8D11-00A0C91BC942}") = "Client", "Client\Client.vcxproj", "{8B09F1E6-7D0F-4897-9ECF-6784E939DCF7}"
EndProject
Global
	GlobalSection(SolutionConfigurationPlatforms) = preSolution
		Debug|x64 = Debug|x64
		Debug|x86 = Debug|x86
		Release|x64 = Release|x64
		Release|x86 = Release|x86
	EndGlobalSection
	GlobalSection(ProjectConfigurationPlatforms) = postSolution
		{312300E4-6114-42A7-8CCB-E9B5595277AE}.Debug|x64.ActiveCfg = Debug|x64
		{312300E4-6114-42A7-8CCB-E9B5595277AE}.Debug|x64.Build.0 = Debug|x64
		{312300E4-6114-42A7-8CCB-E9B5595277AE}.Debug|x86.ActiveCfg = Debug|Win32
		{312300E4-6114-42A7-8CCB-E9B5595277AE}.Debug|x86.Build.0 = Debug|Win32
		{312300E4-6114-42A7-8CCB-E9B5595277AE}.Release|x64.ActiveCfg = Release|x64
		{312300E4-6114-42A7-8CCB-E9B5595277AE}.Release|x64.Build.0 = Release|x64
		{312300E4-6114-42A7-8CCB-E9B5595277AE}.Release|x86.ActiveCfg = Release|Win32
		{312300E4-6114-42A7-8CCB-E9B5595277AE}.Release|x86.Build.0 = Release|Win32
		{8B09F1E6-7D0F-4897-9ECF-6784E939DCF7}.Debug|x64.ActiveCfg = Debug|x64
		{8B09F1E6-7D0F-4897-9ECF-6784E939DCF7}.Debug|x64.Build.0 = Debug|x64
		{8B09F1E6-7D0F-4897-9ECF-6784E939DCF7}.Debug|x86.ActiveCfg = Debug|Win32
		{8B09F1E6-7D0F-4897-9ECF-6784E939DCF7}.Debug|x86.Build.0 = Debug|Win32
		{8B09F1E6-7D0F-4897-9ECF-6784E939DCF7}.Release|x64.ActiveCfg = Release|x64
		{8B09F1E6-7D0F-4897-9ECF-6784E939DCF7}.Release|x64.Build.0 = Release|x64
		{8B09F1E6-7D0F-4897-9ECF-6784E939DCF7}.Release|x86.ActiveCfg = Release|Win32
		{8B09F1E6-7D0F-4897-9ECF-6784E939DCF7}.Release|x86.Build.0 = Release|Win32
	EndGlobalSection
	GlobalSection(SolutionProperties) = preSolution
		HideSolutionNode = FALSE
	EndGlobalSection
	GlobalSection(ExtensibilityGlobals) = postSolution
		SolutionGuid = {C24C5A22-9F63-4AE0-95AA-FEEFC0188470}
	EndGlobalSection
EndGlobal
